
Microsoft Visual Studio Solution File, Format Version 12.00
# Visual Studio Version 16
VisualStudioVersion = 16.0.34601.136
MinimumVisualStudioVersion = 10.0.40219.1
Project("{FAE04EC0-301F-11D3-BF4B-00C04F79EFBC}") = "ASSESSMENT_2", "ASSESSMENT_2\ASSESSMENT_2.csproj", "{B11DAFC9-E043-43B2-80C9-6130F1C7CEF4}"
EndProject
Global
	GlobalSection(SolutionConfigurationPlatforms) = preSolution
		Debug|Any CPU = Debug|Any CPU
		Release|Any CPU = Release|Any CPU
	EndGlobalSection
	GlobalSection(ProjectConfigurationPlatforms) = postSolution
		{B11DAFC9-E043-43B2-80C9-6130F1C7CEF4}.Debug|Any CPU.ActiveCfg = Debug|Any CPU
		{B11DAFC9-E043-43B2-80C9-6130F1C7CEF4}.Debug|Any CPU.Build.0 = Debug|Any CPU
		{B11DAFC9-E043-43B2-80C9-6130F1C7CEF4}.Release|Any CPU.ActiveCfg = Release|Any CPU
		{B11DAFC9-E043-43B2-80C9-6130F1C7CEF4}.Release|Any CPU.Build.0 = Release|Any CPU
	EndGlobalSection
	GlobalSection(SolutionProperties) = preSolution
		HideSolutionNode = FALSE
	EndGlobalSection
	GlobalSection(ExtensibilityGlobals) = postSolution
		SolutionGuid = {EACBF564-2B60-485B-88B5-6B809C0F1168}
	EndGlobalSection
EndGlobal
