
Microsoft Visual Studio Solution File, Format Version 12.00
# Visual Studio Version 16
VisualStudioVersion = 16.0.34601.136
MinimumVisualStudioVersion = 10.0.40219.1
Project("{FAE04EC0-301F-11D3-BF4B-00C04F79EFBC}") = "Assessment_3", "Assessment_3\Assessment_3.csproj", "{E32C6691-915A-404E-9EA8-6466F9327A5E}"
EndProject
Global
	GlobalSection(SolutionConfigurationPlatforms) = preSolution
		Debug|Any CPU = Debug|Any CPU
		Release|Any CPU = Release|Any CPU
	EndGlobalSection
	GlobalSection(ProjectConfigurationPlatforms) = postSolution
		{E32C6691-915A-404E-9EA8-6466F9327A5E}.Debug|Any CPU.ActiveCfg = Debug|Any CPU
		{E32C6691-915A-404E-9EA8-6466F9327A5E}.Debug|Any CPU.Build.0 = Debug|Any CPU
		{E32C6691-915A-404E-9EA8-6466F9327A5E}.Release|Any CPU.ActiveCfg = Release|Any CPU
		{E32C6691-915A-404E-9EA8-6466F9327A5E}.Release|Any CPU.Build.0 = Release|Any CPU
	EndGlobalSection
	GlobalSection(SolutionProperties) = preSolution
		HideSolutionNode = FALSE
	EndGlobalSection
	GlobalSection(ExtensibilityGlobals) = postSolution
		SolutionGuid = {AACDC8A9-3FF5-48D1-88E5-39F032D7CEA7}
	EndGlobalSection
EndGlobal
