
Microsoft Visual Studio Solution File, Format Version 12.00
# Visual Studio Version 16
VisualStudioVersion = 16.0.34601.136
MinimumVisualStudioVersion = 10.0.40219.1
Project("{FAE04EC0-301F-11D3-BF4B-00C04F79EFBC}") = "Assignment_2", "Assignment_2\Assignment_2.csproj", "{1794AF5A-8C94-4DD5-80CF-D1F18BAEC715}"
EndProject
Global
	GlobalSection(SolutionConfigurationPlatforms) = preSolution
		Debug|Any CPU = Debug|Any CPU
		Release|Any CPU = Release|Any CPU
	EndGlobalSection
	GlobalSection(ProjectConfigurationPlatforms) = postSolution
		{1794AF5A-8C94-4DD5-80CF-D1F18BAEC715}.Debug|Any CPU.ActiveCfg = Debug|Any CPU
		{1794AF5A-8C94-4DD5-80CF-D1F18BAEC715}.Debug|Any CPU.Build.0 = Debug|Any CPU
		{1794AF5A-8C94-4DD5-80CF-D1F18BAEC715}.Release|Any CPU.ActiveCfg = Release|Any CPU
		{1794AF5A-8C94-4DD5-80CF-D1F18BAEC715}.Release|Any CPU.Build.0 = Release|Any CPU
	EndGlobalSection
	GlobalSection(SolutionProperties) = preSolution
		HideSolutionNode = FALSE
	EndGlobalSection
	GlobalSection(ExtensibilityGlobals) = postSolution
		SolutionGuid = {2A7DE755-AA5D-4271-9300-AE752D2E6972}
	EndGlobalSection
EndGlobal
