
Microsoft Visual Studio Solution File, Format Version 12.00
# Visual Studio Version 16
VisualStudioVersion = 16.0.34601.136
MinimumVisualStudioVersion = 10.0.40219.1
Project("{FAE04EC0-301F-11D3-BF4B-00C04F79EFBC}") = "code_Assessment", "code_Assessment\code_Assessment.csproj", "{1D600EC0-3023-47F0-9614-E8A343CF541E}"
EndProject
Global
	GlobalSection(SolutionConfigurationPlatforms) = preSolution
		Debug|Any CPU = Debug|Any CPU
		Release|Any CPU = Release|Any CPU
	EndGlobalSection
	GlobalSection(ProjectConfigurationPlatforms) = postSolution
		{1D600EC0-3023-47F0-9614-E8A343CF541E}.Debug|Any CPU.ActiveCfg = Debug|Any CPU
		{1D600EC0-3023-47F0-9614-E8A343CF541E}.Debug|Any CPU.Build.0 = Debug|Any CPU
		{1D600EC0-3023-47F0-9614-E8A343CF541E}.Release|Any CPU.ActiveCfg = Release|Any CPU
		{1D600EC0-3023-47F0-9614-E8A343CF541E}.Release|Any CPU.Build.0 = Release|Any CPU
	EndGlobalSection
	GlobalSection(SolutionProperties) = preSolution
		HideSolutionNode = FALSE
	EndGlobalSection
	GlobalSection(ExtensibilityGlobals) = postSolution
		SolutionGuid = {B7DB5538-EAA8-4A14-BC79-48A794F40BA6}
	EndGlobalSection
EndGlobal
